// !$*UTF8*$!
{
	archiveVersion = 1;
	classes = {
	};
	objectVersion = 50;
	objects = {

/* Begin PBXBuildFile section */
		623A43AD24FB02E7005B85CE /* AppDelegate.swift in Sources */ = {isa = PBXBuildFile; fileRef = 623A43AC24FB02E7005B85CE /* AppDelegate.swift */; };
		623A43AF24FB02E7005B85CE /* SceneDelegate.swift in Sources */ = {isa = PBXBuildFile; fileRef = 623A43AE24FB02E7005B85CE /* SceneDelegate.swift */; };
		623A43B824FB02EB005B85CE /* Assets.xcassets in Resources */ = {isa = PBXBuildFile; fileRef = 623A43B724FB02EB005B85CE /* Assets.xcassets */; };
		623A43BB24FB02EB005B85CE /* LaunchScreen.storyboard in Resources */ = {isa = PBXBuildFile; fileRef = 623A43B924FB02EB005B85CE /* LaunchScreen.storyboard */; };
		623A43C824FB169E005B85CE /* CreateAccountVC.swift in Sources */ = {isa = PBXBuildFile; fileRef = 623A43C724FB169E005B85CE /* CreateAccountVC.swift */; };
		623A43CA24FB23C6005B85CE /* ProfileCard.swift in Sources */ = {isa = PBXBuildFile; fileRef = 623A43C924FB23C6005B85CE /* ProfileCard.swift */; };
		623A43CC24FB334B005B85CE /* BaseViewController.swift in Sources */ = {isa = PBXBuildFile; fileRef = 623A43CB24FB334B005B85CE /* BaseViewController.swift */; };
		623A43CE24FB33DD005B85CE /* ProfileVC.swift in Sources */ = {isa = PBXBuildFile; fileRef = 623A43CD24FB33DD005B85CE /* ProfileVC.swift */; };
		623A43D324FB3615005B85CE /* CustomTextfield.swift in Sources */ = {isa = PBXBuildFile; fileRef = 623A43D224FB3615005B85CE /* CustomTextfield.swift */; };
		623A43D524FB3C38005B85CE /* EditAccountVC.swift in Sources */ = {isa = PBXBuildFile; fileRef = 623A43D424FB3C38005B85CE /* EditAccountVC.swift */; };
		623A43D724FB4087005B85CE /* User.swift in Sources */ = {isa = PBXBuildFile; fileRef = 623A43D624FB4087005B85CE /* User.swift */; };
		623A43DC24FB43AB005B85CE /* KeychainStore.swift in Sources */ = {isa = PBXBuildFile; fileRef = 623A43DB24FB43AB005B85CE /* KeychainStore.swift */; };
		623A43DE24FB4431005B85CE /* KeychainAccessOption.swift in Sources */ = {isa = PBXBuildFile; fileRef = 623A43DD24FB4431005B85CE /* KeychainAccessOption.swift */; };
		623A43E024FB443A005B85CE /* KeychainError.swift in Sources */ = {isa = PBXBuildFile; fileRef = 623A43DF24FB443A005B85CE /* KeychainError.swift */; };
		623A43E624FB8EB1005B85CE /* Extensions.swift in Sources */ = {isa = PBXBuildFile; fileRef = 623A43E524FB8EB0005B85CE /* Extensions.swift */; };
/* End PBXBuildFile section */

/* Begin PBXFileReference section */
		623A43A924FB02E7005B85CE /* Keychain.app */ = {isa = PBXFileReference; explicitFileType = wrapper.application; includeInIndex = 0; path = Keychain.app; sourceTree = BUILT_PRODUCTS_DIR; };
		623A43AC24FB02E7005B85CE /* AppDelegate.swift */ = {isa = PBXFileReference; lastKnownFileType = sourcecode.swift; path = AppDelegate.swift; sourceTree = "<group>"; };
		623A43AE24FB02E7005B85CE /* SceneDelegate.swift */ = {isa = PBXFileReference; lastKnownFileType = sourcecode.swift; path = SceneDelegate.swift; sourceTree = "<group>"; };
		623A43B724FB02EB005B85CE /* Assets.xcassets */ = {isa = PBXFileReference; lastKnownFileType = folder.assetcatalog; path = Assets.xcassets; sourceTree = "<group>"; };
		623A43BA24FB02EB005B85CE /* Base */ = {isa = PBXFileReference; lastKnownFileType = file.storyboard; name = Base; path = Base.lproj/LaunchScreen.storyboard; sourceTree = "<group>"; };
		623A43BC24FB02EB005B85CE /* Info.plist */ = {isa = PBXFileReference; lastKnownFileType = text.plist.xml; path = Info.plist; sourceTree = "<group>"; };
		623A43C724FB169E005B85CE /* CreateAccountVC.swift */ = {isa = PBXFileReference; lastKnownFileType = sourcecode.swift; path = CreateAccountVC.swift; sourceTree = "<group>"; };
		623A43C924FB23C6005B85CE /* ProfileCard.swift */ = {isa = PBXFileReference; lastKnownFileType = sourcecode.swift; path = ProfileCard.swift; sourceTree = "<group>"; };
		623A43CB24FB334B005B85CE /* BaseViewController.swift */ = {isa = PBXFileReference; lastKnownFileType = sourcecode.swift; path = BaseViewController.swift; sourceTree = "<group>"; };
		623A43CD24FB33DD005B85CE /* ProfileVC.swift */ = {isa = PBXFileReference; lastKnownFileType = sourcecode.swift; path = ProfileVC.swift; sourceTree = "<group>"; };
		623A43D224FB3615005B85CE /* CustomTextfield.swift */ = {isa = PBXFileReference; lastKnownFileType = sourcecode.swift; path = CustomTextfield.swift; sourceTree = "<group>"; };
		623A43D424FB3C38005B85CE /* EditAccountVC.swift */ = {isa = PBXFileReference; lastKnownFileType = sourcecode.swift; path = EditAccountVC.swift; sourceTree = "<group>"; };
		623A43D624FB4087005B85CE /* User.swift */ = {isa = PBXFileReference; lastKnownFileType = sourcecode.swift; path = User.swift; sourceTree = "<group>"; };
		623A43DB24FB43AB005B85CE /* KeychainStore.swift */ = {isa = PBXFileReference; lastKnownFileType = sourcecode.swift; path = KeychainStore.swift; sourceTree = "<group>"; };
		623A43DD24FB4431005B85CE /* KeychainAccessOption.swift */ = {isa = PBXFileReference; lastKnownFileType = sourcecode.swift; path = KeychainAccessOption.swift; sourceTree = "<group>"; };
		623A43DF24FB443A005B85CE /* KeychainError.swift */ = {isa = PBXFileReference; lastKnownFileType = sourcecode.swift; path = KeychainError.swift; sourceTree = "<group>"; };
		623A43E524FB8EB0005B85CE /* Extensions.swift */ = {isa = PBXFileReference; lastKnownFileType = sourcecode.swift; path = Extensions.swift; sourceTree = "<group>"; };
/* End PBXFileReference section */

/* Begin PBXFrameworksBuildPhase section */
		623A43A624FB02E7005B85CE /* Frameworks */ = {
			isa = PBXFrameworksBuildPhase;
			buildActionMask = 2147483647;
			files = (
			);
			runOnlyForDeploymentPostprocessing = 0;
		};
/* End PBXFrameworksBuildPhase section */

/* Begin PBXGroup section */
		623A43A024FB02E7005B85CE = {
			isa = PBXGroup;
			children = (
				623A43AB24FB02E7005B85CE /* Keychain */,
				623A43AA24FB02E7005B85CE /* Products */,
			);
			sourceTree = "<group>";
		};
		623A43AA24FB02E7005B85CE /* Products */ = {
			isa = PBXGroup;
			children = (
				623A43A924FB02E7005B85CE /* Keychain.app */,
			);
			name = Products;
			sourceTree = "<group>";
		};
		623A43AB24FB02E7005B85CE /* Keychain */ = {
			isa = PBXGroup;
			children = (
				623A43AC24FB02E7005B85CE /* AppDelegate.swift */,
				623A43AE24FB02E7005B85CE /* SceneDelegate.swift */,
				623A43B924FB02EB005B85CE /* LaunchScreen.storyboard */,
				623A43BC24FB02EB005B85CE /* Info.plist */,
				623A43B724FB02EB005B85CE /* Assets.xcassets */,
				623A43D124FB357D005B85CE /* Model */,
				623A43D024FB3573005B85CE /* Controllers */,
				623A43CF24FB356D005B85CE /* Objects */,
				623A43DA24FB432D005B85CE /* KeychainStore */,
				623A43E524FB8EB0005B85CE /* Extensions.swift */,
			);
			path = Keychain;
			sourceTree = "<group>";
		};
		623A43CF24FB356D005B85CE /* Objects */ = {
			isa = PBXGroup;
			children = (
				623A43C924FB23C6005B85CE /* ProfileCard.swift */,
				623A43D224FB3615005B85CE /* CustomTextfield.swift */,
			);
			path = Objects;
			sourceTree = "<group>";
		};
		623A43D024FB3573005B85CE /* Controllers */ = {
			isa = PBXGroup;
			children = (
				623A43CB24FB334B005B85CE /* BaseViewController.swift */,
				623A43CD24FB33DD005B85CE /* ProfileVC.swift */,
				623A43C724FB169E005B85CE /* CreateAccountVC.swift */,
				623A43D424FB3C38005B85CE /* EditAccountVC.swift */,
			);
			path = Controllers;
			sourceTree = "<group>";
		};
		623A43D124FB357D005B85CE /* Model */ = {
			isa = PBXGroup;
			children = (
				623A43D624FB4087005B85CE /* User.swift */,
			);
			path = Model;
			sourceTree = "<group>";
		};
		623A43DA24FB432D005B85CE /* KeychainStore */ = {
			isa = PBXGroup;
			children = (
				623A43DB24FB43AB005B85CE /* KeychainStore.swift */,
				623A43DD24FB4431005B85CE /* KeychainAccessOption.swift */,
				623A43DF24FB443A005B85CE /* KeychainError.swift */,
			);
			path = KeychainStore;
			sourceTree = "<group>";
		};
/* End PBXGroup section */

/* Begin PBXNativeTarget section */
		623A43A824FB02E7005B85CE /* Keychain */ = {
			isa = PBXNativeTarget;
			buildConfigurationList = 623A43BF24FB02EB005B85CE /* Build configuration list for PBXNativeTarget "Keychain" */;
			buildPhases = (
				623A43A524FB02E7005B85CE /* Sources */,
				623A43A624FB02E7005B85CE /* Frameworks */,
				623A43A724FB02E7005B85CE /* Resources */,
			);
			buildRules = (
			);
			dependencies = (
			);
			name = Keychain;
			productName = Keychain;
			productReference = 623A43A924FB02E7005B85CE /* Keychain.app */;
			productType = "com.apple.product-type.application";
		};
/* End PBXNativeTarget section */

/* Begin PBXProject section */
		623A43A124FB02E7005B85CE /* Project object */ = {
			isa = PBXProject;
			attributes = {
				LastSwiftUpdateCheck = 1200;
				LastUpgradeCheck = 1200;
				TargetAttributes = {
					623A43A824FB02E7005B85CE = {
						CreatedOnToolsVersion = 12.0;
					};
				};
			};
			buildConfigurationList = 623A43A424FB02E7005B85CE /* Build configuration list for PBXProject "Keychain" */;
			compatibilityVersion = "Xcode 9.3";
			developmentRegion = en;
			hasScannedForEncodings = 0;
			knownRegions = (
				en,
				Base,
			);
			mainGroup = 623A43A024FB02E7005B85CE;
			productRefGroup = 623A43AA24FB02E7005B85CE /* Products */;
			projectDirPath = "";
			projectRoot = "";
			targets = (
				623A43A824FB02E7005B85CE /* Keychain */,
			);
		};
/* End PBXProject section */

/* Begin PBXResourcesBuildPhase section */
		623A43A724FB02E7005B85CE /* Resources */ = {
			isa = PBXResourcesBuildPhase;
			buildActionMask = 2147483647;
			files = (
				623A43BB24FB02EB005B85CE /* LaunchScreen.storyboard in Resources */,
				623A43B824FB02EB005B85CE /* Assets.xcassets in Resources */,
			);
			runOnlyForDeploymentPostprocessing = 0;
		};
/* End PBXResourcesBuildPhase section */

/* Begin PBXSourcesBuildPhase section */
		623A43A524FB02E7005B85CE /* Sources */ = {
			isa = PBXSourcesBuildPhase;
			buildActionMask = 2147483647;
			files = (
				623A43DE24FB4431005B85CE /* KeychainAccessOption.swift in Sources */,
				623A43E024FB443A005B85CE /* KeychainError.swift in Sources */,
				623A43CE24FB33DD005B85CE /* ProfileVC.swift in Sources */,
				623A43DC24FB43AB005B85CE /* KeychainStore.swift in Sources */,
				623A43AD24FB02E7005B85CE /* AppDelegate.swift in Sources */,
				623A43C824FB169E005B85CE /* CreateAccountVC.swift in Sources */,
				623A43CC24FB334B005B85CE /* BaseViewController.swift in Sources */,
				623A43AF24FB02E7005B85CE /* SceneDelegate.swift in Sources */,
				623A43CA24FB23C6005B85CE /* ProfileCard.swift in Sources */,
				623A43E624FB8EB1005B85CE /* Extensions.swift in Sources */,
				623A43D524FB3C38005B85CE /* EditAccountVC.swift in Sources */,
				623A43D324FB3615005B85CE /* CustomTextfield.swift in Sources */,
				623A43D724FB4087005B85CE /* User.swift in Sources */,
			);
			runOnlyForDeploymentPostprocessing = 0;
		};
/* End PBXSourcesBuildPhase section */

/* Begin PBXVariantGroup section */
		623A43B924FB02EB005B85CE /* LaunchScreen.storyboard */ = {
			isa = PBXVariantGroup;
			children = (
				623A43BA24FB02EB005B85CE /* Base */,
			);
			name = LaunchScreen.storyboard;
			sourceTree = "<group>";
		};
/* End PBXVariantGroup section */

/* Begin XCBuildConfiguration section */
		623A43BD24FB02EB005B85CE /* Debug */ = {
			isa = XCBuildConfiguration;
			buildSettings = {
				ALWAYS_SEARCH_USER_PATHS = NO;
				CLANG_ANALYZER_NONNULL = YES;
				CLANG_ANALYZER_NUMBER_OBJECT_CONVERSION = YES_AGGRESSIVE;
				CLANG_CXX_LANGUAGE_STANDARD = "gnu++14";
				CLANG_CXX_LIBRARY = "libc++";
				CLANG_ENABLE_MODULES = YES;
				CLANG_ENABLE_OBJC_ARC = YES;
				CLANG_ENABLE_OBJC_WEAK = YES;
				CLANG_WARN_BLOCK_CAPTURE_AUTORELEASING = YES;
				CLANG_WARN_BOOL_CONVERSION = YES;
				CLANG_WARN_COMMA = YES;
				CLANG_WARN_CONSTANT_CONVERSION = YES;
				CLANG_WARN_DEPRECATED_OBJC_IMPLEMENTATIONS = YES;
				CLANG_WARN_DIRECT_OBJC_ISA_USAGE = YES_ERROR;
				CLANG_WARN_DOCUMENTATION_COMMENTS = YES;
				CLANG_WARN_EMPTY_BODY = YES;
				CLANG_WARN_ENUM_CONVERSION = YES;
				CLANG_WARN_INFINITE_RECURSION = YES;
				CLANG_WARN_INT_CONVERSION = YES;
				CLANG_WARN_NON_LITERAL_NULL_CONVERSION = YES;
				CLANG_WARN_OBJC_IMPLICIT_RETAIN_SELF = YES;
				CLANG_WARN_OBJC_LITERAL_CONVERSION = YES;
				CLANG_WARN_OBJC_ROOT_CLASS = YES_ERROR;
				CLANG_WARN_QUOTED_INCLUDE_IN_FRAMEWORK_HEADER = YES;
				CLANG_WARN_RANGE_LOOP_ANALYSIS = YES;
				CLANG_WARN_STRICT_PROTOTYPES = YES;
				CLANG_WARN_SUSPICIOUS_MOVE = YES;
				CLANG_WARN_UNGUARDED_AVAILABILITY = YES_AGGRESSIVE;
				CLANG_WARN_UNREACHABLE_CODE = YES;
				CLANG_WARN__DUPLICATE_METHOD_MATCH = YES;
				COPY_PHASE_STRIP = NO;
				DEBUG_INFORMATION_FORMAT = dwarf;
				ENABLE_STRICT_OBJC_MSGSEND = YES;
				ENABLE_TESTABILITY = YES;
				GCC_C_LANGUAGE_STANDARD = gnu11;
				GCC_DYNAMIC_NO_PIC = NO;
				GCC_NO_COMMON_BLOCKS = YES;
				GCC_OPTIMIZATION_LEVEL = 0;
				GCC_PREPROCESSOR_DEFINITIONS = (
					"DEBUG=1",
					"$(inherited)",
				);
				GCC_WARN_64_TO_32_BIT_CONVERSION = YES;
				GCC_WARN_ABOUT_RETURN_TYPE = YES_ERROR;
				GCC_WARN_UNDECLARED_SELECTOR = YES;
				GCC_WARN_UNINITIALIZED_AUTOS = YES_AGGRESSIVE;
				GCC_WARN_UNUSED_FUNCTION = YES;
				GCC_WARN_UNUSED_VARIABLE = YES;
				IPHONEOS_DEPLOYMENT_TARGET = 13.6;
				MTL_ENABLE_DEBUG_INFO = INCLUDE_SOURCE;
				MTL_FAST_MATH = YES;
				ONLY_ACTIVE_ARCH = YES;
				SDKROOT = iphoneos;
				SWIFT_ACTIVE_COMPILATION_CONDITIONS = DEBUG;
				SWIFT_OPTIMIZATION_LEVEL = "-Onone";
			};
			name = Debug;
		};
		623A43BE24FB02EB005B85CE /* Release */ = {
			isa = XCBuildConfiguration;
			buildSettings = {
				ALWAYS_SEARCH_USER_PATHS = NO;
				CLANG_ANALYZER_NONNULL = YES;
				CLANG_ANALYZER_NUMBER_OBJECT_CONVERSION = YES_AGGRESSIVE;
				CLANG_CXX_LANGUAGE_STANDARD = "gnu++14";
				CLANG_CXX_LIBRARY = "libc++";
				CLANG_ENABLE_MODULES = YES;
				CLANG_ENABLE_OBJC_ARC = YES;
				CLANG_ENABLE_OBJC_WEAK = YES;
				CLANG_WARN_BLOCK_CAPTURE_AUTORELEASING = YES;
				CLANG_WARN_BOOL_CONVERSION = YES;
				CLANG_WARN_COMMA = YES;
				CLANG_WARN_CONSTANT_CONVERSION = YES;
				CLANG_WARN_DEPRECATED_OBJC_IMPLEMENTATIONS = YES;
				CLANG_WARN_DIRECT_OBJC_ISA_USAGE = YES_ERROR;
				CLANG_WARN_DOCUMENTATION_COMMENTS = YES;
				CLANG_WARN_EMPTY_BODY = YES;
				CLANG_WARN_ENUM_CONVERSION = YES;
				CLANG_WARN_INFINITE_RECURSION = YES;
				CLANG_WARN_INT_CONVERSION = YES;
				CLANG_WARN_NON_LITERAL_NULL_CONVERSION = YES;
				CLANG_WARN_OBJC_IMPLICIT_RETAIN_SELF = YES;
				CLANG_WARN_OBJC_LITERAL_CONVERSION = YES;
				CLANG_WARN_OBJC_ROOT_CLASS = YES_ERROR;
				CLANG_WARN_QUOTED_INCLUDE_IN_FRAMEWORK_HEADER = YES;
				CLANG_WARN_RANGE_LOOP_ANALYSIS = YES;
				CLANG_WARN_STRICT_PROTOTYPES = YES;
				CLANG_WARN_SUSPICIOUS_MOVE = YES;
				CLANG_WARN_UNGUARDED_AVAILABILITY = YES_AGGRESSIVE;
				CLANG_WARN_UNREACHABLE_CODE = YES;
				CLANG_WARN__DUPLICATE_METHOD_MATCH = YES;
				COPY_PHASE_STRIP = NO;
				DEBUG_INFORMATION_FORMAT = "dwarf-with-dsym";
				ENABLE_NS_ASSERTIONS = NO;
				ENABLE_STRICT_OBJC_MSGSEND = YES;
				GCC_C_LANGUAGE_STANDARD = gnu11;
				GCC_NO_COMMON_BLOCKS = YES;
				GCC_WARN_64_TO_32_BIT_CONVERSION = YES;
				GCC_WARN_ABOUT_RETURN_TYPE = YES_ERROR;
				GCC_WARN_UNDECLARED_SELECTOR = YES;
				GCC_WARN_UNINITIALIZED_AUTOS = YES_AGGRESSIVE;
				GCC_WARN_UNUSED_FUNCTION = YES;
				GCC_WARN_UNUSED_VARIABLE = YES;
				IPHONEOS_DEPLOYMENT_TARGET = 13.6;
				MTL_ENABLE_DEBUG_INFO = NO;
				MTL_FAST_MATH = YES;
				SDKROOT = iphoneos;
				SWIFT_COMPILATION_MODE = wholemodule;
				SWIFT_OPTIMIZATION_LEVEL = "-O";
				VALIDATE_PRODUCT = YES;
			};
			name = Release;
		};
		623A43C024FB02EB005B85CE /* Debug */ = {
			isa = XCBuildConfiguration;
			buildSettings = {
				ASSETCATALOG_COMPILER_APPICON_NAME = AppIcon;
				ASSETCATALOG_COMPILER_GLOBAL_ACCENT_COLOR_NAME = AccentColor;
				CODE_SIGN_STYLE = Automatic;
				DEVELOPMENT_TEAM = 8F8FHLJUPT;
				INFOPLIST_FILE = Keychain/Info.plist;
				LD_RUNPATH_SEARCH_PATHS = (
					"$(inherited)",
					"@executable_path/Frameworks",
				);
				PRODUCT_BUNDLE_IDENTIFIER = com.tws.Keychain;
				PRODUCT_NAME = "$(TARGET_NAME)";
				SWIFT_VERSION = 5.0;
				TARGETED_DEVICE_FAMILY = "1,2";
			};
			name = Debug;
		};
		623A43C124FB02EB005B85CE /* Release */ = {
			isa = XCBuildConfiguration;
			buildSettings = {
				ASSETCATALOG_COMPILER_APPICON_NAME = AppIcon;
				ASSETCATALOG_COMPILER_GLOBAL_ACCENT_COLOR_NAME = AccentColor;
				CODE_SIGN_STYLE = Automatic;
				DEVELOPMENT_TEAM = 8F8FHLJUPT;
				INFOPLIST_FILE = Keychain/Info.plist;
				LD_RUNPATH_SEARCH_PATHS = (
					"$(inherited)",
					"@executable_path/Frameworks",
				);
				PRODUCT_BUNDLE_IDENTIFIER = com.tws.Keychain;
				PRODUCT_NAME = "$(TARGET_NAME)";
				SWIFT_VERSION = 5.0;
				TARGETED_DEVICE_FAMILY = "1,2";
			};
			name = Release;
		};
/* End XCBuildConfiguration section */

/* Begin XCConfigurationList section */
		623A43A424FB02E7005B85CE /* Build configuration list for PBXProject "Keychain" */ = {
			isa = XCConfigurationList;
			buildConfigurations = (
				623A43BD24FB02EB005B85CE /* Debug */,
				623A43BE24FB02EB005B85CE /* Release */,
			);
			defaultConfigurationIsVisible = 0;
			defaultConfigurationName = Release;
		};
		623A43BF24FB02EB005B85CE /* Build configuration list for PBXNativeTarget "Keychain" */ = {
			isa = XCConfigurationList;
			buildConfigurations = (
				623A43C024FB02EB005B85CE /* Debug */,
				623A43C124FB02EB005B85CE /* Release */,
			);
			defaultConfigurationIsVisible = 0;
			defaultConfigurationName = Release;
		};
/* End XCConfigurationList section */
	};
	rootObject = 623A43A124FB02E7005B85CE /* Project object */;
}
